
Microsoft Visual Studio Solution File, Format Version 12.00
# Visual Studio 2013
VisualStudioVersion = 12.0.30723.0
MinimumVisualStudioVersion = 10.0.40219.1
Project("{FAE04EC0-301F-11D3-BF4B-00C04F79EFBC}") = "MicroCms", "Source\MicroCms\MicroCms.csproj", "{156ABB76-B6EC-478D-B5B4-FFE5C0E107F8}"
EndProject
Project("{FAE04EC0-301F-11D3-BF4B-00C04F79EFBC}") = "MicroCms.Markdown", "Source\MicroCms.Markdown\MicroCms.Markdown.csproj", "{FB9BEB73-D928-4972-9B73-C3F71C7DDF75}"
EndProject
Project("{FAE04EC0-301F-11D3-BF4B-00C04F79EFBC}") = "MicroCms.Tests", "Tests\MicroCms.Tests\MicroCms.Tests.csproj", "{FCD0F5D8-693E-450F-A1C1-D62C76AE8886}"
EndProject
Project("{FAE04EC0-301F-11D3-BF4B-00C04F79EFBC}") = "MicroCms.Markdown.Tests", "Tests\MicroCms.Markdown.Tests\MicroCms.Markdown.Tests.csproj", "{1AA72C92-72A5-4742-BF56-152B1C166F45}"
EndProject
Project("{FAE04EC0-301F-11D3-BF4B-00C04F79EFBC}") = "MicroCms.Mvc", "Source\MicroCms.Mvc\MicroCms.Mvc.csproj", "{B4B7A5CA-1435-4C01-8E16-A2D08E3D9B40}"
EndProject
Project("{FAE04EC0-301F-11D3-BF4B-00C04F79EFBC}") = "MicroCms.Mvc.Tests", "Tests\MicroCms.Mvc.Tests\MicroCms.Mvc.Tests.csproj", "{B24931C1-0882-4E6D-B1A4-8CD7DB235F5B}"
EndProject
Project("{FAE04EC0-301F-11D3-BF4B-00C04F79EFBC}") = "MicroCmsWeb", "Source\MicroCmsWeb\MicroCmsWeb.csproj", "{12496404-A53B-42A7-90CA-9C5EA70222E1}"
EndProject
Project("{FAE04EC0-301F-11D3-BF4B-00C04F79EFBC}") = "MicroCms.SourceCode", "Source\MicroCms.SourceCode\MicroCms.SourceCode.csproj", "{9E613596-47B8-46F6-89EE-5886E79A3600}"
EndProject
Project("{FAE04EC0-301F-11D3-BF4B-00C04F79EFBC}") = "MicroCms.SourceCode.Tests", "Tests\MicroCms.SourceCode.Tests\MicroCms.SourceCode.Tests.csproj", "{5DA5E41E-631D-4BC5-970F-5AB91B928397}"
EndProject
Project("{2150E333-8FDC-42A3-9474-1A3956D46DE8}") = "Solution Items", "Solution Items", "{CDFD8FE0-983C-49F4-8222-21DF16A4FC17}"
	ProjectSection(SolutionItems) = preProject
		CommonInfoTemplate.cs = CommonInfoTemplate.cs
		package.ps1 = package.ps1
		README.md = README.md
		version.txt = version.txt
	EndProjectSection
EndProject
Project("{FAE04EC0-301F-11D3-BF4B-00C04F79EFBC}") = "MicroCms.Lucene", "Source\MicroCms.Lucene\MicroCms.Lucene.csproj", "{DAE33EED-5FC7-46E6-A6EF-2A629E82FF24}"
EndProject
Project("{2150E333-8FDC-42A3-9474-1A3956D46DE8}") = ".nuget", ".nuget", "{F5D6582B-8302-4B53-940D-3A1AEBE9BD32}"
	ProjectSection(SolutionItems) = preProject
		.nuget\NuGet.Config = .nuget\NuGet.Config
		.nuget\NuGet.exe = .nuget\NuGet.exe
		.nuget\NuGet.targets = .nuget\NuGet.targets
	EndProjectSection
EndProject
Project("{FAE04EC0-301F-11D3-BF4B-00C04F79EFBC}") = "MicroCms.Lucene.Tests", "Tests\MicroCms.Lucene.Tests\MicroCms.Lucene.Tests.csproj", "{F534B68E-93D1-4DD2-9452-CC3C2BBA464A}"
EndProject
Project("{FAE04EC0-301F-11D3-BF4B-00C04F79EFBC}") = "MicroCms.Azure", "Source\MicroCms.Azure\MicroCms.Azure.csproj", "{B466277F-A4BD-4247-AC9B-F1E21D7D998C}"
EndProject
Project("{FAE04EC0-301F-11D3-BF4B-00C04F79EFBC}") = "MicroCms.Azure.Tests", "Tests\MicroCms.Azure.Tests\MicroCms.Azure.Tests.csproj", "{0DDDE3CD-C79E-40F8-A8E2-A4FFF0D5FE7F}"
EndProject
Project("{FAE04EC0-301F-11D3-BF4B-00C04F79EFBC}") = "MicroCms.WebApi", "Source\MicroCms.WebApi\MicroCms.WebApi.csproj", "{39201FF9-4D8B-4EE9-A01D-14FEA58903BE}"
EndProject
Project("{FAE04EC0-301F-11D3-BF4B-00C04F79EFBC}") = "MicroCms.WebApi.Tests", "Tests\MicroCms.WebApi.Tests\MicroCms.WebApi.Tests.csproj", "{952515B4-D693-4C6E-90DF-BFE4447F45F7}"
EndProject
Project("{FAE04EC0-301F-11D3-BF4B-00C04F79EFBC}") = "MicroCms.Client", "Source\MicroCms.Client\MicroCms.Client.csproj", "{E52625DF-E71E-4742-B27E-A4A632EF5E3F}"
EndProject
Project("{FAE04EC0-301F-11D3-BF4B-00C04F79EFBC}") = "MicroCms.Client.Tests", "Tests\MicroCms.Client.Tests\MicroCms.Client.Tests.csproj", "{BCF2B83E-5B9E-4963-B472-6F8A5BB6963B}"
EndProject
Project("{FAE04EC0-301F-11D3-BF4B-00C04F79EFBC}") = "MicroCms.Unity", "Source\MicroCms.Unity\MicroCms.Unity.csproj", "{8EFC8FC3-7B7C-4DC4-879A-FDD3583B639C}"
EndProject
Project("{2150E333-8FDC-42A3-9474-1A3956D46DE8}") = "Containers", "Containers", "{15F218D3-C118-4088-A0D5-BD8A212FCBF9}"
EndProject
Project("{FAE04EC0-301F-11D3-BF4B-00C04F79EFBC}") = "MicroCms.Autofac", "Source\MicroCms.Autofac\MicroCms.Autofac.csproj", "{A8F76259-3104-4643-B705-D505F7ADDEB1}"
EndProject
Project("{FAE04EC0-301F-11D3-BF4B-00C04F79EFBC}") = "MicroCms.Castle", "Source\MicroCms.Castle\MicroCms.Castle.csproj", "{70BC0AEE-D8C8-46F0-AF05-A73ECC3C1631}"
EndProject
Project("{FAE04EC0-301F-11D3-BF4B-00C04F79EFBC}") = "MicroCms.Unity.Tests", "Tests\MicroCms.Unity.Tests\MicroCms.Unity.Tests.csproj", "{297026B7-077A-4281-9A6C-CF950AACFEC0}"
EndProject
Project("{2150E333-8FDC-42A3-9474-1A3956D46DE8}") = "Core", "Core", "{9AAF450D-5845-4A24-93A4-F4B823C3B290}"
EndProject
Project("{2150E333-8FDC-42A3-9474-1A3956D46DE8}") = "Renderers", "Renderers", "{C5C3DEB7-3648-4601-8D42-1851D9B3FDCF}"
EndProject
Project("{2150E333-8FDC-42A3-9474-1A3956D46DE8}") = "Storage", "Storage", "{DACE21E8-DA16-4B60-A766-FA80D4E18E76}"
EndProject
Project("{2150E333-8FDC-42A3-9474-1A3956D46DE8}") = "Search", "Search", "{4F561081-21F2-470F-9DC5-E6426E355A65}"
EndProject
Project("{FAE04EC0-301F-11D3-BF4B-00C04F79EFBC}") = "MicroCms.Autofac.Tests", "Tests\MicroCms.Autofac.Tests\MicroCms.Autofac.Tests.csproj", "{88D17A5E-AB6C-473C-8DEB-1768B840CEA4}"
EndProject
Global
	GlobalSection(SolutionConfigurationPlatforms) = preSolution
		Debug|Any CPU = Debug|Any CPU
		Release|Any CPU = Release|Any CPU
	EndGlobalSection
	GlobalSection(ProjectConfigurationPlatforms) = postSolution
		{156ABB76-B6EC-478D-B5B4-FFE5C0E107F8}.Debug|Any CPU.ActiveCfg = Debug|Any CPU
		{156ABB76-B6EC-478D-B5B4-FFE5C0E107F8}.Debug|Any CPU.Build.0 = Debug|Any CPU
		{156ABB76-B6EC-478D-B5B4-FFE5C0E107F8}.Release|Any CPU.ActiveCfg = Release|Any CPU
		{156ABB76-B6EC-478D-B5B4-FFE5C0E107F8}.Release|Any CPU.Build.0 = Release|Any CPU
		{FB9BEB73-D928-4972-9B73-C3F71C7DDF75}.Debug|Any CPU.ActiveCfg = Debug|Any CPU
		{FB9BEB73-D928-4972-9B73-C3F71C7DDF75}.Debug|Any CPU.Build.0 = Debug|Any CPU
		{FB9BEB73-D928-4972-9B73-C3F71C7DDF75}.Release|Any CPU.ActiveCfg = Release|Any CPU
		{FB9BEB73-D928-4972-9B73-C3F71C7DDF75}.Release|Any CPU.Build.0 = Release|Any CPU
		{FCD0F5D8-693E-450F-A1C1-D62C76AE8886}.Debug|Any CPU.ActiveCfg = Debug|Any CPU
		{FCD0F5D8-693E-450F-A1C1-D62C76AE8886}.Debug|Any CPU.Build.0 = Debug|Any CPU
		{FCD0F5D8-693E-450F-A1C1-D62C76AE8886}.Release|Any CPU.ActiveCfg = Release|Any CPU
		{FCD0F5D8-693E-450F-A1C1-D62C76AE8886}.Release|Any CPU.Build.0 = Release|Any CPU
		{1AA72C92-72A5-4742-BF56-152B1C166F45}.Debug|Any CPU.ActiveCfg = Debug|Any CPU
		{1AA72C92-72A5-4742-BF56-152B1C166F45}.Debug|Any CPU.Build.0 = Debug|Any CPU
		{1AA72C92-72A5-4742-BF56-152B1C166F45}.Release|Any CPU.ActiveCfg = Release|Any CPU
		{1AA72C92-72A5-4742-BF56-152B1C166F45}.Release|Any CPU.Build.0 = Release|Any CPU
		{B4B7A5CA-1435-4C01-8E16-A2D08E3D9B40}.Debug|Any CPU.ActiveCfg = Debug|Any CPU
		{B4B7A5CA-1435-4C01-8E16-A2D08E3D9B40}.Debug|Any CPU.Build.0 = Debug|Any CPU
		{B4B7A5CA-1435-4C01-8E16-A2D08E3D9B40}.Release|Any CPU.ActiveCfg = Release|Any CPU
		{B4B7A5CA-1435-4C01-8E16-A2D08E3D9B40}.Release|Any CPU.Build.0 = Release|Any CPU
		{B24931C1-0882-4E6D-B1A4-8CD7DB235F5B}.Debug|Any CPU.ActiveCfg = Debug|Any CPU
		{B24931C1-0882-4E6D-B1A4-8CD7DB235F5B}.Debug|Any CPU.Build.0 = Debug|Any CPU
		{B24931C1-0882-4E6D-B1A4-8CD7DB235F5B}.Release|Any CPU.ActiveCfg = Release|Any CPU
		{B24931C1-0882-4E6D-B1A4-8CD7DB235F5B}.Release|Any CPU.Build.0 = Release|Any CPU
		{12496404-A53B-42A7-90CA-9C5EA70222E1}.Debug|Any CPU.ActiveCfg = Debug|Any CPU
		{12496404-A53B-42A7-90CA-9C5EA70222E1}.Debug|Any CPU.Build.0 = Debug|Any CPU
		{12496404-A53B-42A7-90CA-9C5EA70222E1}.Release|Any CPU.ActiveCfg = Release|Any CPU
		{12496404-A53B-42A7-90CA-9C5EA70222E1}.Release|Any CPU.Build.0 = Release|Any CPU
		{9E613596-47B8-46F6-89EE-5886E79A3600}.Debug|Any CPU.ActiveCfg = Debug|Any CPU
		{9E613596-47B8-46F6-89EE-5886E79A3600}.Debug|Any CPU.Build.0 = Debug|Any CPU
		{9E613596-47B8-46F6-89EE-5886E79A3600}.Release|Any CPU.ActiveCfg = Release|Any CPU
		{9E613596-47B8-46F6-89EE-5886E79A3600}.Release|Any CPU.Build.0 = Release|Any CPU
		{5DA5E41E-631D-4BC5-970F-5AB91B928397}.Debug|Any CPU.ActiveCfg = Debug|Any CPU
		{5DA5E41E-631D-4BC5-970F-5AB91B928397}.Debug|Any CPU.Build.0 = Debug|Any CPU
		{5DA5E41E-631D-4BC5-970F-5AB91B928397}.Release|Any CPU.ActiveCfg = Release|Any CPU
		{5DA5E41E-631D-4BC5-970F-5AB91B928397}.Release|Any CPU.Build.0 = Release|Any CPU
		{DAE33EED-5FC7-46E6-A6EF-2A629E82FF24}.Debug|Any CPU.ActiveCfg = Debug|Any CPU
		{DAE33EED-5FC7-46E6-A6EF-2A629E82FF24}.Debug|Any CPU.Build.0 = Debug|Any CPU
		{DAE33EED-5FC7-46E6-A6EF-2A629E82FF24}.Release|Any CPU.ActiveCfg = Release|Any CPU
		{DAE33EED-5FC7-46E6-A6EF-2A629E82FF24}.Release|Any CPU.Build.0 = Release|Any CPU
		{F534B68E-93D1-4DD2-9452-CC3C2BBA464A}.Debug|Any CPU.ActiveCfg = Debug|Any CPU
		{F534B68E-93D1-4DD2-9452-CC3C2BBA464A}.Debug|Any CPU.Build.0 = Debug|Any CPU
		{F534B68E-93D1-4DD2-9452-CC3C2BBA464A}.Release|Any CPU.ActiveCfg = Release|Any CPU
		{F534B68E-93D1-4DD2-9452-CC3C2BBA464A}.Release|Any CPU.Build.0 = Release|Any CPU
		{B466277F-A4BD-4247-AC9B-F1E21D7D998C}.Debug|Any CPU.ActiveCfg = Debug|Any CPU
		{B466277F-A4BD-4247-AC9B-F1E21D7D998C}.Debug|Any CPU.Build.0 = Debug|Any CPU
		{B466277F-A4BD-4247-AC9B-F1E21D7D998C}.Release|Any CPU.ActiveCfg = Release|Any CPU
		{B466277F-A4BD-4247-AC9B-F1E21D7D998C}.Release|Any CPU.Build.0 = Release|Any CPU
		{0DDDE3CD-C79E-40F8-A8E2-A4FFF0D5FE7F}.Debug|Any CPU.ActiveCfg = Debug|Any CPU
		{0DDDE3CD-C79E-40F8-A8E2-A4FFF0D5FE7F}.Debug|Any CPU.Build.0 = Debug|Any CPU
		{0DDDE3CD-C79E-40F8-A8E2-A4FFF0D5FE7F}.Release|Any CPU.ActiveCfg = Release|Any CPU
		{0DDDE3CD-C79E-40F8-A8E2-A4FFF0D5FE7F}.Release|Any CPU.Build.0 = Release|Any CPU
		{39201FF9-4D8B-4EE9-A01D-14FEA58903BE}.Debug|Any CPU.ActiveCfg = Debug|Any CPU
		{39201FF9-4D8B-4EE9-A01D-14FEA58903BE}.Debug|Any CPU.Build.0 = Debug|Any CPU
		{39201FF9-4D8B-4EE9-A01D-14FEA58903BE}.Release|Any CPU.ActiveCfg = Release|Any CPU
		{39201FF9-4D8B-4EE9-A01D-14FEA58903BE}.Release|Any CPU.Build.0 = Release|Any CPU
		{952515B4-D693-4C6E-90DF-BFE4447F45F7}.Debug|Any CPU.ActiveCfg = Debug|Any CPU
		{952515B4-D693-4C6E-90DF-BFE4447F45F7}.Debug|Any CPU.Build.0 = Debug|Any CPU
		{952515B4-D693-4C6E-90DF-BFE4447F45F7}.Release|Any CPU.ActiveCfg = Release|Any CPU
		{952515B4-D693-4C6E-90DF-BFE4447F45F7}.Release|Any CPU.Build.0 = Release|Any CPU
		{E52625DF-E71E-4742-B27E-A4A632EF5E3F}.Debug|Any CPU.ActiveCfg = Debug|Any CPU
		{E52625DF-E71E-4742-B27E-A4A632EF5E3F}.Debug|Any CPU.Build.0 = Debug|Any CPU
		{E52625DF-E71E-4742-B27E-A4A632EF5E3F}.Release|Any CPU.ActiveCfg = Release|Any CPU
		{E52625DF-E71E-4742-B27E-A4A632EF5E3F}.Release|Any CPU.Build.0 = Release|Any CPU
		{BCF2B83E-5B9E-4963-B472-6F8A5BB6963B}.Debug|Any CPU.ActiveCfg = Debug|Any CPU
		{BCF2B83E-5B9E-4963-B472-6F8A5BB6963B}.Debug|Any CPU.Build.0 = Debug|Any CPU
		{BCF2B83E-5B9E-4963-B472-6F8A5BB6963B}.Release|Any CPU.ActiveCfg = Release|Any CPU
		{BCF2B83E-5B9E-4963-B472-6F8A5BB6963B}.Release|Any CPU.Build.0 = Release|Any CPU
		{8EFC8FC3-7B7C-4DC4-879A-FDD3583B639C}.Debug|Any CPU.ActiveCfg = Debug|Any CPU
		{8EFC8FC3-7B7C-4DC4-879A-FDD3583B639C}.Debug|Any CPU.Build.0 = Debug|Any CPU
		{8EFC8FC3-7B7C-4DC4-879A-FDD3583B639C}.Release|Any CPU.ActiveCfg = Release|Any CPU
		{8EFC8FC3-7B7C-4DC4-879A-FDD3583B639C}.Release|Any CPU.Build.0 = Release|Any CPU
		{A8F76259-3104-4643-B705-D505F7ADDEB1}.Debug|Any CPU.ActiveCfg = Debug|Any CPU
		{A8F76259-3104-4643-B705-D505F7ADDEB1}.Debug|Any CPU.Build.0 = Debug|Any CPU
		{A8F76259-3104-4643-B705-D505F7ADDEB1}.Release|Any CPU.ActiveCfg = Release|Any CPU
		{A8F76259-3104-4643-B705-D505F7ADDEB1}.Release|Any CPU.Build.0 = Release|Any CPU
		{70BC0AEE-D8C8-46F0-AF05-A73ECC3C1631}.Debug|Any CPU.ActiveCfg = Debug|Any CPU
		{70BC0AEE-D8C8-46F0-AF05-A73ECC3C1631}.Debug|Any CPU.Build.0 = Debug|Any CPU
		{70BC0AEE-D8C8-46F0-AF05-A73ECC3C1631}.Release|Any CPU.ActiveCfg = Release|Any CPU
		{70BC0AEE-D8C8-46F0-AF05-A73ECC3C1631}.Release|Any CPU.Build.0 = Release|Any CPU
		{297026B7-077A-4281-9A6C-CF950AACFEC0}.Debug|Any CPU.ActiveCfg = Debug|Any CPU
		{297026B7-077A-4281-9A6C-CF950AACFEC0}.Debug|Any CPU.Build.0 = Debug|Any CPU
		{297026B7-077A-4281-9A6C-CF950AACFEC0}.Release|Any CPU.ActiveCfg = Release|Any CPU
		{297026B7-077A-4281-9A6C-CF950AACFEC0}.Release|Any CPU.Build.0 = Release|Any CPU
		{88D17A5E-AB6C-473C-8DEB-1768B840CEA4}.Debug|Any CPU.ActiveCfg = Debug|Any CPU
		{88D17A5E-AB6C-473C-8DEB-1768B840CEA4}.Debug|Any CPU.Build.0 = Debug|Any CPU
		{88D17A5E-AB6C-473C-8DEB-1768B840CEA4}.Release|Any CPU.ActiveCfg = Release|Any CPU
		{88D17A5E-AB6C-473C-8DEB-1768B840CEA4}.Release|Any CPU.Build.0 = Release|Any CPU
	EndGlobalSection
	GlobalSection(SolutionProperties) = preSolution
		HideSolutionNode = FALSE
	EndGlobalSection
	GlobalSection(NestedProjects) = preSolution
		{156ABB76-B6EC-478D-B5B4-FFE5C0E107F8} = {9AAF450D-5845-4A24-93A4-F4B823C3B290}
		{FB9BEB73-D928-4972-9B73-C3F71C7DDF75} = {C5C3DEB7-3648-4601-8D42-1851D9B3FDCF}
		{FCD0F5D8-693E-450F-A1C1-D62C76AE8886} = {9AAF450D-5845-4A24-93A4-F4B823C3B290}
		{1AA72C92-72A5-4742-BF56-152B1C166F45} = {C5C3DEB7-3648-4601-8D42-1851D9B3FDCF}
		{B4B7A5CA-1435-4C01-8E16-A2D08E3D9B40} = {9AAF450D-5845-4A24-93A4-F4B823C3B290}
		{B24931C1-0882-4E6D-B1A4-8CD7DB235F5B} = {9AAF450D-5845-4A24-93A4-F4B823C3B290}
		{9E613596-47B8-46F6-89EE-5886E79A3600} = {C5C3DEB7-3648-4601-8D42-1851D9B3FDCF}
		{5DA5E41E-631D-4BC5-970F-5AB91B928397} = {C5C3DEB7-3648-4601-8D42-1851D9B3FDCF}
		{DAE33EED-5FC7-46E6-A6EF-2A629E82FF24} = {4F561081-21F2-470F-9DC5-E6426E355A65}
		{F534B68E-93D1-4DD2-9452-CC3C2BBA464A} = {4F561081-21F2-470F-9DC5-E6426E355A65}
		{B466277F-A4BD-4247-AC9B-F1E21D7D998C} = {DACE21E8-DA16-4B60-A766-FA80D4E18E76}
		{0DDDE3CD-C79E-40F8-A8E2-A4FFF0D5FE7F} = {DACE21E8-DA16-4B60-A766-FA80D4E18E76}
		{39201FF9-4D8B-4EE9-A01D-14FEA58903BE} = {9AAF450D-5845-4A24-93A4-F4B823C3B290}
		{952515B4-D693-4C6E-90DF-BFE4447F45F7} = {9AAF450D-5845-4A24-93A4-F4B823C3B290}
		{E52625DF-E71E-4742-B27E-A4A632EF5E3F} = {9AAF450D-5845-4A24-93A4-F4B823C3B290}
		{BCF2B83E-5B9E-4963-B472-6F8A5BB6963B} = {9AAF450D-5845-4A24-93A4-F4B823C3B290}
		{8EFC8FC3-7B7C-4DC4-879A-FDD3583B639C} = {15F218D3-C118-4088-A0D5-BD8A212FCBF9}
		{A8F76259-3104-4643-B705-D505F7ADDEB1} = {15F218D3-C118-4088-A0D5-BD8A212FCBF9}
		{70BC0AEE-D8C8-46F0-AF05-A73ECC3C1631} = {15F218D3-C118-4088-A0D5-BD8A212FCBF9}
		{297026B7-077A-4281-9A6C-CF950AACFEC0} = {15F218D3-C118-4088-A0D5-BD8A212FCBF9}
		{88D17A5E-AB6C-473C-8DEB-1768B840CEA4} = {15F218D3-C118-4088-A0D5-BD8A212FCBF9}
	EndGlobalSection
EndGlobal
