
Microsoft Visual Studio Solution File, Format Version 12.00
# Visual Studio 2013
VisualStudioVersion = 12.0.30501.0
MinimumVisualStudioVersion = 10.0.40219.1
Project("{FAE04EC0-301F-11D3-BF4B-00C04F79EFBC}") = "MicroCms", "Source\MicroCms\MicroCms.csproj", "{156ABB76-B6EC-478D-B5B4-FFE5C0E107F8}"
EndProject
Project("{FAE04EC0-301F-11D3-BF4B-00C04F79EFBC}") = "MicroCms.Markdown", "Source\MicroCms.Markdown\MicroCms.Markdown.csproj", "{FB9BEB73-D928-4972-9B73-C3F71C7DDF75}"
EndProject
Project("{2150E333-8FDC-42A3-9474-1A3956D46DE8}") = "Tests", "Tests", "{40E99C80-A670-4A2C-AAEC-2D0E20E47D1B}"
EndProject
Project("{FAE04EC0-301F-11D3-BF4B-00C04F79EFBC}") = "MicroCms.Tests", "Tests\MicroCms.Tests\MicroCms.Tests.csproj", "{FCD0F5D8-693E-450F-A1C1-D62C76AE8886}"
EndProject
Project("{FAE04EC0-301F-11D3-BF4B-00C04F79EFBC}") = "MicroCms.Markdown.Tests", "Tests\MicroCms.Markdown.Tests\MicroCms.Markdown.Tests.csproj", "{1AA72C92-72A5-4742-BF56-152B1C166F45}"
EndProject
Project("{FAE04EC0-301F-11D3-BF4B-00C04F79EFBC}") = "MicroCms.Mvc", "Source\MicroCms.Mvc\MicroCms.Mvc.csproj", "{B4B7A5CA-1435-4C01-8E16-A2D08E3D9B40}"
EndProject
Project("{FAE04EC0-301F-11D3-BF4B-00C04F79EFBC}") = "MicroCms.Mvc.Tests", "Tests\MicroCms.Mvc.Tests\MicroCms.Mvc.Tests.csproj", "{B24931C1-0882-4E6D-B1A4-8CD7DB235F5B}"
EndProject
Project("{FAE04EC0-301F-11D3-BF4B-00C04F79EFBC}") = "MicroCmsWeb", "Source\MicroCmsWeb\MicroCmsWeb.csproj", "{12496404-A53B-42A7-90CA-9C5EA70222E1}"
EndProject
Project("{FAE04EC0-301F-11D3-BF4B-00C04F79EFBC}") = "MicroCms.SourceCode", "Source\MicroCms.SourceCode\MicroCms.SourceCode.csproj", "{9E613596-47B8-46F6-89EE-5886E79A3600}"
EndProject
Project("{FAE04EC0-301F-11D3-BF4B-00C04F79EFBC}") = "MicroCms.SourceCode.Tests", "Tests\MicroCms.SourceCode.Tests\MicroCms.SourceCode.Tests.csproj", "{5DA5E41E-631D-4BC5-970F-5AB91B928397}"
EndProject
Project("{2150E333-8FDC-42A3-9474-1A3956D46DE8}") = "Solution Items", "Solution Items", "{CDFD8FE0-983C-49F4-8222-21DF16A4FC17}"
	ProjectSection(SolutionItems) = preProject
		README.md = README.md
	EndProjectSection
EndProject
Project("{FAE04EC0-301F-11D3-BF4B-00C04F79EFBC}") = "MicroCms.Lucene", "Source\MicroCms.Lucene\MicroCms.Lucene.csproj", "{DAE33EED-5FC7-46E6-A6EF-2A629E82FF24}"
EndProject
Global
	GlobalSection(SolutionConfigurationPlatforms) = preSolution
		Debug|Any CPU = Debug|Any CPU
		Release|Any CPU = Release|Any CPU
	EndGlobalSection
	GlobalSection(ProjectConfigurationPlatforms) = postSolution
		{156ABB76-B6EC-478D-B5B4-FFE5C0E107F8}.Debug|Any CPU.ActiveCfg = Debug|Any CPU
		{156ABB76-B6EC-478D-B5B4-FFE5C0E107F8}.Debug|Any CPU.Build.0 = Debug|Any CPU
		{156ABB76-B6EC-478D-B5B4-FFE5C0E107F8}.Release|Any CPU.ActiveCfg = Release|Any CPU
		{156ABB76-B6EC-478D-B5B4-FFE5C0E107F8}.Release|Any CPU.Build.0 = Release|Any CPU
		{FB9BEB73-D928-4972-9B73-C3F71C7DDF75}.Debug|Any CPU.ActiveCfg = Debug|Any CPU
		{FB9BEB73-D928-4972-9B73-C3F71C7DDF75}.Debug|Any CPU.Build.0 = Debug|Any CPU
		{FB9BEB73-D928-4972-9B73-C3F71C7DDF75}.Release|Any CPU.ActiveCfg = Release|Any CPU
		{FB9BEB73-D928-4972-9B73-C3F71C7DDF75}.Release|Any CPU.Build.0 = Release|Any CPU
		{FCD0F5D8-693E-450F-A1C1-D62C76AE8886}.Debug|Any CPU.ActiveCfg = Debug|Any CPU
		{FCD0F5D8-693E-450F-A1C1-D62C76AE8886}.Debug|Any CPU.Build.0 = Debug|Any CPU
		{FCD0F5D8-693E-450F-A1C1-D62C76AE8886}.Release|Any CPU.ActiveCfg = Release|Any CPU
		{FCD0F5D8-693E-450F-A1C1-D62C76AE8886}.Release|Any CPU.Build.0 = Release|Any CPU
		{1AA72C92-72A5-4742-BF56-152B1C166F45}.Debug|Any CPU.ActiveCfg = Debug|Any CPU
		{1AA72C92-72A5-4742-BF56-152B1C166F45}.Debug|Any CPU.Build.0 = Debug|Any CPU
		{1AA72C92-72A5-4742-BF56-152B1C166F45}.Release|Any CPU.ActiveCfg = Release|Any CPU
		{1AA72C92-72A5-4742-BF56-152B1C166F45}.Release|Any CPU.Build.0 = Release|Any CPU
		{B4B7A5CA-1435-4C01-8E16-A2D08E3D9B40}.Debug|Any CPU.ActiveCfg = Debug|Any CPU
		{B4B7A5CA-1435-4C01-8E16-A2D08E3D9B40}.Debug|Any CPU.Build.0 = Debug|Any CPU
		{B4B7A5CA-1435-4C01-8E16-A2D08E3D9B40}.Release|Any CPU.ActiveCfg = Release|Any CPU
		{B4B7A5CA-1435-4C01-8E16-A2D08E3D9B40}.Release|Any CPU.Build.0 = Release|Any CPU
		{B24931C1-0882-4E6D-B1A4-8CD7DB235F5B}.Debug|Any CPU.ActiveCfg = Debug|Any CPU
		{B24931C1-0882-4E6D-B1A4-8CD7DB235F5B}.Debug|Any CPU.Build.0 = Debug|Any CPU
		{B24931C1-0882-4E6D-B1A4-8CD7DB235F5B}.Release|Any CPU.ActiveCfg = Release|Any CPU
		{B24931C1-0882-4E6D-B1A4-8CD7DB235F5B}.Release|Any CPU.Build.0 = Release|Any CPU
		{12496404-A53B-42A7-90CA-9C5EA70222E1}.Debug|Any CPU.ActiveCfg = Debug|Any CPU
		{12496404-A53B-42A7-90CA-9C5EA70222E1}.Debug|Any CPU.Build.0 = Debug|Any CPU
		{12496404-A53B-42A7-90CA-9C5EA70222E1}.Release|Any CPU.ActiveCfg = Release|Any CPU
		{12496404-A53B-42A7-90CA-9C5EA70222E1}.Release|Any CPU.Build.0 = Release|Any CPU
		{9E613596-47B8-46F6-89EE-5886E79A3600}.Debug|Any CPU.ActiveCfg = Debug|Any CPU
		{9E613596-47B8-46F6-89EE-5886E79A3600}.Debug|Any CPU.Build.0 = Debug|Any CPU
		{9E613596-47B8-46F6-89EE-5886E79A3600}.Release|Any CPU.ActiveCfg = Release|Any CPU
		{9E613596-47B8-46F6-89EE-5886E79A3600}.Release|Any CPU.Build.0 = Release|Any CPU
		{5DA5E41E-631D-4BC5-970F-5AB91B928397}.Debug|Any CPU.ActiveCfg = Debug|Any CPU
		{5DA5E41E-631D-4BC5-970F-5AB91B928397}.Debug|Any CPU.Build.0 = Debug|Any CPU
		{5DA5E41E-631D-4BC5-970F-5AB91B928397}.Release|Any CPU.ActiveCfg = Release|Any CPU
		{5DA5E41E-631D-4BC5-970F-5AB91B928397}.Release|Any CPU.Build.0 = Release|Any CPU
		{DAE33EED-5FC7-46E6-A6EF-2A629E82FF24}.Debug|Any CPU.ActiveCfg = Debug|Any CPU
		{DAE33EED-5FC7-46E6-A6EF-2A629E82FF24}.Debug|Any CPU.Build.0 = Debug|Any CPU
		{DAE33EED-5FC7-46E6-A6EF-2A629E82FF24}.Release|Any CPU.ActiveCfg = Release|Any CPU
		{DAE33EED-5FC7-46E6-A6EF-2A629E82FF24}.Release|Any CPU.Build.0 = Release|Any CPU
	EndGlobalSection
	GlobalSection(SolutionProperties) = preSolution
		HideSolutionNode = FALSE
	EndGlobalSection
	GlobalSection(NestedProjects) = preSolution
		{FCD0F5D8-693E-450F-A1C1-D62C76AE8886} = {40E99C80-A670-4A2C-AAEC-2D0E20E47D1B}
		{1AA72C92-72A5-4742-BF56-152B1C166F45} = {40E99C80-A670-4A2C-AAEC-2D0E20E47D1B}
		{B24931C1-0882-4E6D-B1A4-8CD7DB235F5B} = {40E99C80-A670-4A2C-AAEC-2D0E20E47D1B}
		{5DA5E41E-631D-4BC5-970F-5AB91B928397} = {40E99C80-A670-4A2C-AAEC-2D0E20E47D1B}
	EndGlobalSection
EndGlobal
